
Microsoft Visual Studio Solution File, Format Version 12.00
# Visual Studio Version 17
VisualStudioVersion = 17.2.32519.379
MinimumVisualStudioVersion = 10.0.40219.1
Project("{FAE04EC0-301F-11D3-BF4B-00C04F79EFBC}") = "CaaS", "CaaS\CaaS.csproj", "{53CDCEF5-6F30-485D-BF8F-146C27C1CAB8}"
EndProject
Global
	GlobalSection(SolutionConfigurationPlatforms) = preSolution
		Debug|Any CPU = Debug|Any CPU
		Release|Any CPU = Release|Any CPU
	EndGlobalSection
	GlobalSection(ProjectConfigurationPlatforms) = postSolution
		{53CDCEF5-6F30-485D-BF8F-146C27C1CAB8}.Debug|Any CPU.ActiveCfg = Debug|Any CPU
		{53CDCEF5-6F30-485D-BF8F-146C27C1CAB8}.Debug|Any CPU.Build.0 = Debug|Any CPU
		{53CDCEF5-6F30-485D-BF8F-146C27C1CAB8}.Release|Any CPU.ActiveCfg = Release|Any CPU
		{53CDCEF5-6F30-485D-BF8F-146C27C1CAB8}.Release|Any CPU.Build.0 = Release|Any CPU
	EndGlobalSection
	GlobalSection(SolutionProperties) = preSolution
		HideSolutionNode = FALSE
	EndGlobalSection
	GlobalSection(ExtensibilityGlobals) = postSolution
		SolutionGuid = {C8488E7F-9833-4308-89C5-009DB1FEB97D}
	EndGlobalSection
EndGlobal
